
Microsoft Visual Studio Solution File, Format Version 12.00
# Visual Studio Version 16
VisualStudioVersion = 16.0.29709.97
MinimumVisualStudioVersion = 10.0.40219.1
Project("{FAE04EC0-301F-11D3-BF4B-00C04F79EFBC}") = "AppVagasXamarin.UWP", "AppVagasXamarin\AppVagasXamarin.UWP\AppVagasXamarin.UWP.csproj", "{20C9BC8F-C24D-4F3C-84DC-393E2F6EBA92}"
EndProject
Project("{FAE04EC0-301F-11D3-BF4B-00C04F79EFBC}") = "AppVagasXamarin.Android", "AppVagasXamarin\AppVagasXamarin.Android\AppVagasXamarin.Android.csproj", "{DF03A126-B705-4B49-89EF-36E7076D0564}"
EndProject
Project("{FAE04EC0-301F-11D3-BF4B-00C04F79EFBC}") = "AppVagasXamarin.iOS", "AppVagasXamarin\AppVagasXamarin.iOS\AppVagasXamarin.iOS.csproj", "{69ADD6EA-30DC-49A1-9536-B53AB5AC9159}"
EndProject
Project("{FAE04EC0-301F-11D3-BF4B-00C04F79EFBC}") = "AppVagasXamarin", "AppVagasXamarin\AppVagasXamarin\AppVagasXamarin.csproj", "{A54B988B-10A1-4885-BE47-FCBEC241E0CB}"
EndProject
Global
	GlobalSection(SolutionConfigurationPlatforms) = preSolution
		Debug|Any CPU = Debug|Any CPU
		Debug|ARM = Debug|ARM
		Debug|iPhone = Debug|iPhone
		Debug|iPhoneSimulator = Debug|iPhoneSimulator
		Debug|x64 = Debug|x64
		Debug|x86 = Debug|x86
		Release|Any CPU = Release|Any CPU
		Release|ARM = Release|ARM
		Release|iPhone = Release|iPhone
		Release|iPhoneSimulator = Release|iPhoneSimulator
		Release|x64 = Release|x64
		Release|x86 = Release|x86
	EndGlobalSection
	GlobalSection(ProjectConfigurationPlatforms) = postSolution
		{20C9BC8F-C24D-4F3C-84DC-393E2F6EBA92}.Debug|Any CPU.ActiveCfg = Debug|x86
		{20C9BC8F-C24D-4F3C-84DC-393E2F6EBA92}.Debug|Any CPU.Build.0 = Debug|x86
		{20C9BC8F-C24D-4F3C-84DC-393E2F6EBA92}.Debug|Any CPU.Deploy.0 = Debug|x86
		{20C9BC8F-C24D-4F3C-84DC-393E2F6EBA92}.Debug|ARM.ActiveCfg = Debug|ARM
		{20C9BC8F-C24D-4F3C-84DC-393E2F6EBA92}.Debug|ARM.Build.0 = Debug|ARM
		{20C9BC8F-C24D-4F3C-84DC-393E2F6EBA92}.Debug|ARM.Deploy.0 = Debug|ARM
		{20C9BC8F-C24D-4F3C-84DC-393E2F6EBA92}.Debug|iPhone.ActiveCfg = Debug|x86
		{20C9BC8F-C24D-4F3C-84DC-393E2F6EBA92}.Debug|iPhone.Build.0 = Debug|x86
		{20C9BC8F-C24D-4F3C-84DC-393E2F6EBA92}.Debug|iPhone.Deploy.0 = Debug|x86
		{20C9BC8F-C24D-4F3C-84DC-393E2F6EBA92}.Debug|iPhoneSimulator.ActiveCfg = Debug|x86
		{20C9BC8F-C24D-4F3C-84DC-393E2F6EBA92}.Debug|iPhoneSimulator.Build.0 = Debug|x86
		{20C9BC8F-C24D-4F3C-84DC-393E2F6EBA92}.Debug|iPhoneSimulator.Deploy.0 = Debug|x86
		{20C9BC8F-C24D-4F3C-84DC-393E2F6EBA92}.Debug|x64.ActiveCfg = Debug|x64
		{20C9BC8F-C24D-4F3C-84DC-393E2F6EBA92}.Debug|x64.Build.0 = Debug|x64
		{20C9BC8F-C24D-4F3C-84DC-393E2F6EBA92}.Debug|x64.Deploy.0 = Debug|x64
		{20C9BC8F-C24D-4F3C-84DC-393E2F6EBA92}.Debug|x86.ActiveCfg = Debug|x86
		{20C9BC8F-C24D-4F3C-84DC-393E2F6EBA92}.Debug|x86.Build.0 = Debug|x86
		{20C9BC8F-C24D-4F3C-84DC-393E2F6EBA92}.Debug|x86.Deploy.0 = Debug|x86
		{20C9BC8F-C24D-4F3C-84DC-393E2F6EBA92}.Release|Any CPU.ActiveCfg = Release|x86
		{20C9BC8F-C24D-4F3C-84DC-393E2F6EBA92}.Release|Any CPU.Build.0 = Release|x86
		{20C9BC8F-C24D-4F3C-84DC-393E2F6EBA92}.Release|Any CPU.Deploy.0 = Release|x86
		{20C9BC8F-C24D-4F3C-84DC-393E2F6EBA92}.Release|ARM.ActiveCfg = Release|ARM
		{20C9BC8F-C24D-4F3C-84DC-393E2F6EBA92}.Release|ARM.Build.0 = Release|ARM
		{20C9BC8F-C24D-4F3C-84DC-393E2F6EBA92}.Release|ARM.Deploy.0 = Release|ARM
		{20C9BC8F-C24D-4F3C-84DC-393E2F6EBA92}.Release|iPhone.ActiveCfg = Release|x86
		{20C9BC8F-C24D-4F3C-84DC-393E2F6EBA92}.Release|iPhone.Build.0 = Release|x86
		{20C9BC8F-C24D-4F3C-84DC-393E2F6EBA92}.Release|iPhone.Deploy.0 = Release|x86
		{20C9BC8F-C24D-4F3C-84DC-393E2F6EBA92}.Release|iPhoneSimulator.ActiveCfg = Release|x86
		{20C9BC8F-C24D-4F3C-84DC-393E2F6EBA92}.Release|iPhoneSimulator.Build.0 = Release|x86
		{20C9BC8F-C24D-4F3C-84DC-393E2F6EBA92}.Release|iPhoneSimulator.Deploy.0 = Release|x86
		{20C9BC8F-C24D-4F3C-84DC-393E2F6EBA92}.Release|x64.ActiveCfg = Release|x64
		{20C9BC8F-C24D-4F3C-84DC-393E2F6EBA92}.Release|x64.Build.0 = Release|x64
		{20C9BC8F-C24D-4F3C-84DC-393E2F6EBA92}.Release|x64.Deploy.0 = Release|x64
		{20C9BC8F-C24D-4F3C-84DC-393E2F6EBA92}.Release|x86.ActiveCfg = Release|x86
		{20C9BC8F-C24D-4F3C-84DC-393E2F6EBA92}.Release|x86.Build.0 = Release|x86
		{20C9BC8F-C24D-4F3C-84DC-393E2F6EBA92}.Release|x86.Deploy.0 = Release|x86
		{DF03A126-B705-4B49-89EF-36E7076D0564}.Debug|Any CPU.ActiveCfg = Debug|Any CPU
		{DF03A126-B705-4B49-89EF-36E7076D0564}.Debug|Any CPU.Build.0 = Debug|Any CPU
		{DF03A126-B705-4B49-89EF-36E7076D0564}.Debug|Any CPU.Deploy.0 = Debug|Any CPU
		{DF03A126-B705-4B49-89EF-36E7076D0564}.Debug|ARM.ActiveCfg = Debug|Any CPU
		{DF03A126-B705-4B49-89EF-36E7076D0564}.Debug|ARM.Build.0 = Debug|Any CPU
		{DF03A126-B705-4B49-89EF-36E7076D0564}.Debug|ARM.Deploy.0 = Debug|Any CPU
		{DF03A126-B705-4B49-89EF-36E7076D0564}.Debug|iPhone.ActiveCfg = Debug|Any CPU
		{DF03A126-B705-4B49-89EF-36E7076D0564}.Debug|iPhone.Build.0 = Debug|Any CPU
		{DF03A126-B705-4B49-89EF-36E7076D0564}.Debug|iPhone.Deploy.0 = Debug|Any CPU
		{DF03A126-B705-4B49-89EF-36E7076D0564}.Debug|iPhoneSimulator.ActiveCfg = Debug|Any CPU
		{DF03A126-B705-4B49-89EF-36E7076D0564}.Debug|iPhoneSimulator.Build.0 = Debug|Any CPU
		{DF03A126-B705-4B49-89EF-36E7076D0564}.Debug|iPhoneSimulator.Deploy.0 = Debug|Any CPU
		{DF03A126-B705-4B49-89EF-36E7076D0564}.Debug|x64.ActiveCfg = Debug|Any CPU
		{DF03A126-B705-4B49-89EF-36E7076D0564}.Debug|x64.Build.0 = Debug|Any CPU
		{DF03A126-B705-4B49-89EF-36E7076D0564}.Debug|x64.Deploy.0 = Debug|Any CPU
		{DF03A126-B705-4B49-89EF-36E7076D0564}.Debug|x86.ActiveCfg = Debug|Any CPU
		{DF03A126-B705-4B49-89EF-36E7076D0564}.Debug|x86.Build.0 = Debug|Any CPU
		{DF03A126-B705-4B49-89EF-36E7076D0564}.Debug|x86.Deploy.0 = Debug|Any CPU
		{DF03A126-B705-4B49-89EF-36E7076D0564}.Release|Any CPU.ActiveCfg = Release|Any CPU
		{DF03A126-B705-4B49-89EF-36E7076D0564}.Release|Any CPU.Build.0 = Release|Any CPU
		{DF03A126-B705-4B49-89EF-36E7076D0564}.Release|Any CPU.Deploy.0 = Release|Any CPU
		{DF03A126-B705-4B49-89EF-36E7076D0564}.Release|ARM.ActiveCfg = Release|Any CPU
		{DF03A126-B705-4B49-89EF-36E7076D0564}.Release|ARM.Build.0 = Release|Any CPU
		{DF03A126-B705-4B49-89EF-36E7076D0564}.Release|ARM.Deploy.0 = Release|Any CPU
		{DF03A126-B705-4B49-89EF-36E7076D0564}.Release|iPhone.ActiveCfg = Release|Any CPU
		{DF03A126-B705-4B49-89EF-36E7076D0564}.Release|iPhone.Build.0 = Release|Any CPU
		{DF03A126-B705-4B49-89EF-36E7076D0564}.Release|iPhone.Deploy.0 = Release|Any CPU
		{DF03A126-B705-4B49-89EF-36E7076D0564}.Release|iPhoneSimulator.ActiveCfg = Release|Any CPU
		{DF03A126-B705-4B49-89EF-36E7076D0564}.Release|iPhoneSimulator.Build.0 = Release|Any CPU
		{DF03A126-B705-4B49-89EF-36E7076D0564}.Release|iPhoneSimulator.Deploy.0 = Release|Any CPU
		{DF03A126-B705-4B49-89EF-36E7076D0564}.Release|x64.ActiveCfg = Release|Any CPU
		{DF03A126-B705-4B49-89EF-36E7076D0564}.Release|x64.Build.0 = Release|Any CPU
		{DF03A126-B705-4B49-89EF-36E7076D0564}.Release|x64.Deploy.0 = Release|Any CPU
		{DF03A126-B705-4B49-89EF-36E7076D0564}.Release|x86.ActiveCfg = Release|Any CPU
		{DF03A126-B705-4B49-89EF-36E7076D0564}.Release|x86.Build.0 = Release|Any CPU
		{DF03A126-B705-4B49-89EF-36E7076D0564}.Release|x86.Deploy.0 = Release|Any CPU
		{69ADD6EA-30DC-49A1-9536-B53AB5AC9159}.Debug|Any CPU.ActiveCfg = Debug|iPhone
		{69ADD6EA-30DC-49A1-9536-B53AB5AC9159}.Debug|Any CPU.Build.0 = Debug|iPhone
		{69ADD6EA-30DC-49A1-9536-B53AB5AC9159}.Debug|Any CPU.Deploy.0 = Debug|iPhone
		{69ADD6EA-30DC-49A1-9536-B53AB5AC9159}.Debug|ARM.ActiveCfg = Debug|iPhoneSimulator
		{69ADD6EA-30DC-49A1-9536-B53AB5AC9159}.Debug|ARM.Build.0 = Debug|iPhoneSimulator
		{69ADD6EA-30DC-49A1-9536-B53AB5AC9159}.Debug|ARM.Deploy.0 = Debug|iPhoneSimulator
		{69ADD6EA-30DC-49A1-9536-B53AB5AC9159}.Debug|iPhone.ActiveCfg = Debug|iPhone
		{69ADD6EA-30DC-49A1-9536-B53AB5AC9159}.Debug|iPhone.Build.0 = Debug|iPhone
		{69ADD6EA-30DC-49A1-9536-B53AB5AC9159}.Debug|iPhone.Deploy.0 = Debug|iPhone
		{69ADD6EA-30DC-49A1-9536-B53AB5AC9159}.Debug|iPhoneSimulator.ActiveCfg = Debug|iPhoneSimulator
		{69ADD6EA-30DC-49A1-9536-B53AB5AC9159}.Debug|iPhoneSimulator.Build.0 = Debug|iPhoneSimulator
		{69ADD6EA-30DC-49A1-9536-B53AB5AC9159}.Debug|iPhoneSimulator.Deploy.0 = Debug|iPhoneSimulator
		{69ADD6EA-30DC-49A1-9536-B53AB5AC9159}.Debug|x64.ActiveCfg = Debug|iPhone
		{69ADD6EA-30DC-49A1-9536-B53AB5AC9159}.Debug|x64.Build.0 = Debug|iPhone
		{69ADD6EA-30DC-49A1-9536-B53AB5AC9159}.Debug|x64.Deploy.0 = Debug|iPhone
		{69ADD6EA-30DC-49A1-9536-B53AB5AC9159}.Debug|x86.ActiveCfg = Debug|iPhone
		{69ADD6EA-30DC-49A1-9536-B53AB5AC9159}.Debug|x86.Build.0 = Debug|iPhone
		{69ADD6EA-30DC-49A1-9536-B53AB5AC9159}.Debug|x86.Deploy.0 = Debug|iPhone
		{69ADD6EA-30DC-49A1-9536-B53AB5AC9159}.Release|Any CPU.ActiveCfg = Release|iPhone
		{69ADD6EA-30DC-49A1-9536-B53AB5AC9159}.Release|Any CPU.Build.0 = Release|iPhone
		{69ADD6EA-30DC-49A1-9536-B53AB5AC9159}.Release|Any CPU.Deploy.0 = Release|iPhone
		{69ADD6EA-30DC-49A1-9536-B53AB5AC9159}.Release|ARM.ActiveCfg = Release|iPhone
		{69ADD6EA-30DC-49A1-9536-B53AB5AC9159}.Release|ARM.Build.0 = Release|iPhone
		{69ADD6EA-30DC-49A1-9536-B53AB5AC9159}.Release|ARM.Deploy.0 = Release|iPhone
		{69ADD6EA-30DC-49A1-9536-B53AB5AC9159}.Release|iPhone.ActiveCfg = Release|iPhone
		{69ADD6EA-30DC-49A1-9536-B53AB5AC9159}.Release|iPhone.Build.0 = Release|iPhone
		{69ADD6EA-30DC-49A1-9536-B53AB5AC9159}.Release|iPhone.Deploy.0 = Release|iPhone
		{69ADD6EA-30DC-49A1-9536-B53AB5AC9159}.Release|iPhoneSimulator.ActiveCfg = Release|iPhoneSimulator
		{69ADD6EA-30DC-49A1-9536-B53AB5AC9159}.Release|iPhoneSimulator.Build.0 = Release|iPhoneSimulator
		{69ADD6EA-30DC-49A1-9536-B53AB5AC9159}.Release|iPhoneSimulator.Deploy.0 = Release|iPhoneSimulator
		{69ADD6EA-30DC-49A1-9536-B53AB5AC9159}.Release|x64.ActiveCfg = Release|iPhone
		{69ADD6EA-30DC-49A1-9536-B53AB5AC9159}.Release|x64.Build.0 = Release|iPhone
		{69ADD6EA-30DC-49A1-9536-B53AB5AC9159}.Release|x64.Deploy.0 = Release|iPhone
		{69ADD6EA-30DC-49A1-9536-B53AB5AC9159}.Release|x86.ActiveCfg = Release|iPhone
		{69ADD6EA-30DC-49A1-9536-B53AB5AC9159}.Release|x86.Build.0 = Release|iPhone
		{69ADD6EA-30DC-49A1-9536-B53AB5AC9159}.Release|x86.Deploy.0 = Release|iPhone
		{A54B988B-10A1-4885-BE47-FCBEC241E0CB}.Debug|Any CPU.ActiveCfg = Debug|Any CPU
		{A54B988B-10A1-4885-BE47-FCBEC241E0CB}.Debug|Any CPU.Build.0 = Debug|Any CPU
		{A54B988B-10A1-4885-BE47-FCBEC241E0CB}.Debug|Any CPU.Deploy.0 = Debug|Any CPU
		{A54B988B-10A1-4885-BE47-FCBEC241E0CB}.Debug|ARM.ActiveCfg = Debug|Any CPU
		{A54B988B-10A1-4885-BE47-FCBEC241E0CB}.Debug|ARM.Build.0 = Debug|Any CPU
		{A54B988B-10A1-4885-BE47-FCBEC241E0CB}.Debug|ARM.Deploy.0 = Debug|Any CPU
		{A54B988B-10A1-4885-BE47-FCBEC241E0CB}.Debug|iPhone.ActiveCfg = Debug|Any CPU
		{A54B988B-10A1-4885-BE47-FCBEC241E0CB}.Debug|iPhone.Build.0 = Debug|Any CPU
		{A54B988B-10A1-4885-BE47-FCBEC241E0CB}.Debug|iPhone.Deploy.0 = Debug|Any CPU
		{A54B988B-10A1-4885-BE47-FCBEC241E0CB}.Debug|iPhoneSimulator.ActiveCfg = Debug|Any CPU
		{A54B988B-10A1-4885-BE47-FCBEC241E0CB}.Debug|iPhoneSimulator.Build.0 = Debug|Any CPU
		{A54B988B-10A1-4885-BE47-FCBEC241E0CB}.Debug|iPhoneSimulator.Deploy.0 = Debug|Any CPU
		{A54B988B-10A1-4885-BE47-FCBEC241E0CB}.Debug|x64.ActiveCfg = Debug|Any CPU
		{A54B988B-10A1-4885-BE47-FCBEC241E0CB}.Debug|x64.Build.0 = Debug|Any CPU
		{A54B988B-10A1-4885-BE47-FCBEC241E0CB}.Debug|x64.Deploy.0 = Debug|Any CPU
		{A54B988B-10A1-4885-BE47-FCBEC241E0CB}.Debug|x86.ActiveCfg = Debug|Any CPU
		{A54B988B-10A1-4885-BE47-FCBEC241E0CB}.Debug|x86.Build.0 = Debug|Any CPU
		{A54B988B-10A1-4885-BE47-FCBEC241E0CB}.Debug|x86.Deploy.0 = Debug|Any CPU
		{A54B988B-10A1-4885-BE47-FCBEC241E0CB}.Release|Any CPU.ActiveCfg = Release|Any CPU
		{A54B988B-10A1-4885-BE47-FCBEC241E0CB}.Release|Any CPU.Build.0 = Release|Any CPU
		{A54B988B-10A1-4885-BE47-FCBEC241E0CB}.Release|Any CPU.Deploy.0 = Release|Any CPU
		{A54B988B-10A1-4885-BE47-FCBEC241E0CB}.Release|ARM.ActiveCfg = Release|Any CPU
		{A54B988B-10A1-4885-BE47-FCBEC241E0CB}.Release|ARM.Build.0 = Release|Any CPU
		{A54B988B-10A1-4885-BE47-FCBEC241E0CB}.Release|ARM.Deploy.0 = Release|Any CPU
		{A54B988B-10A1-4885-BE47-FCBEC241E0CB}.Release|iPhone.ActiveCfg = Release|Any CPU
		{A54B988B-10A1-4885-BE47-FCBEC241E0CB}.Release|iPhone.Build.0 = Release|Any CPU
		{A54B988B-10A1-4885-BE47-FCBEC241E0CB}.Release|iPhone.Deploy.0 = Release|Any CPU
		{A54B988B-10A1-4885-BE47-FCBEC241E0CB}.Release|iPhoneSimulator.ActiveCfg = Release|Any CPU
		{A54B988B-10A1-4885-BE47-FCBEC241E0CB}.Release|iPhoneSimulator.Build.0 = Release|Any CPU
		{A54B988B-10A1-4885-BE47-FCBEC241E0CB}.Release|iPhoneSimulator.Deploy.0 = Release|Any CPU
		{A54B988B-10A1-4885-BE47-FCBEC241E0CB}.Release|x64.ActiveCfg = Release|Any CPU
		{A54B988B-10A1-4885-BE47-FCBEC241E0CB}.Release|x64.Build.0 = Release|Any CPU
		{A54B988B-10A1-4885-BE47-FCBEC241E0CB}.Release|x64.Deploy.0 = Release|Any CPU
		{A54B988B-10A1-4885-BE47-FCBEC241E0CB}.Release|x86.ActiveCfg = Release|Any CPU
		{A54B988B-10A1-4885-BE47-FCBEC241E0CB}.Release|x86.Build.0 = Release|Any CPU
		{A54B988B-10A1-4885-BE47-FCBEC241E0CB}.Release|x86.Deploy.0 = Release|Any CPU
	EndGlobalSection
	GlobalSection(SolutionProperties) = preSolution
		HideSolutionNode = FALSE
	EndGlobalSection
	GlobalSection(ExtensibilityGlobals) = postSolution
		SolutionGuid = {87C3C6EC-26E1-488D-BDD8-23AAA012DB86}
	EndGlobalSection
EndGlobal
